{
  "name": "yiwen-qa-assistant-local",
  "version": "0.1.0",
  "lockfileVersion": 3,
  "requires": true,
  "packages": {
    "": {
      "name": "yiwen-qa-assistant-local",
      "version": "0.1.0",
      "dependencies": {
        "sysu-anything": "0.1.2"
      }
    },
    "node_modules/address": {
      "version": "1.2.2",
      "license": "MIT",
      "engines": {
        "node": ">= 10.0.0"
      }
    },
    "node_modules/agentkeepalive": {
      "version": "3.5.3",
      "license": "MIT",
      "dependencies": {
        "humanize-ms": "^1.2.1"
      },
      "engines": {
        "node": ">= 4.0.0"
      }
    },
    "node_modules/ali-oss": {
      "version": "6.23.0",
      "license": "MIT",
      "dependencies": {
        "address": "^1.2.2",
        "agentkeepalive": "^3.4.1",
        "bowser": "^1.6.0",
        "copy-to": "^2.0.1",
        "dateformat": "^2.0.0",
        "debug": "^4.3.4",
        "destroy": "^1.0.4",
        "end-or-error": "^1.0.1",
        "get-ready": "^1.0.0",
        "humanize-ms": "^1.2.0",
        "is-type-of": "^1.4.0",
        "js-base64": "^2.5.2",
        "jstoxml": "^2.0.0",
        "lodash": "^4.17.21",
        "merge-descriptors": "^1.0.1",
        "mime": "^2.4.5",
        "platform": "^1.3.1",
        "pump": "^3.0.0",
        "qs": "^6.4.0",
        "sdk-base": "^2.0.1",
        "stream-http": "2.8.2",
        "stream-wormhole": "^1.0.4",
        "urllib": "^2.44.0",
        "utility": "^1.18.0",
        "xml2js": "^0.6.2"
      },
      "engines": {
        "node": ">=8"
      }
    },
    "node_modules/any-promise": {
      "version": "1.3.0",
      "license": "MIT"
    },
    "node_modules/bowser": {
      "version": "1.9.4",
      "license": "MIT"
    },
    "node_modules/builtin-status-codes": {
      "version": "3.0.0",
      "license": "MIT"
    },
    "node_modules/call-bind-apply-helpers": {
      "version": "1.0.2",
      "license": "MIT",
      "dependencies": {
        "es-errors": "^1.3.0",
        "function-bind": "^1.1.2"
      },
      "engines": {
        "node": ">= 0.4"
      }
    },
    "node_modules/call-bound": {
      "version": "1.0.4",
      "license": "MIT",
      "dependencies": {
        "call-bind-apply-helpers": "^1.0.2",
        "get-intrinsic": "^1.3.0"
      },
      "engines": {
        "node": ">= 0.4"
      },
      "funding": {
        "url": "https://github.com/sponsors/ljharb"
      }
    },
    "node_modules/content-type": {
      "version": "1.0.5",
      "license": "MIT",
      "engines": {
        "node": ">= 0.6"
      }
    },
    "node_modules/copy-to": {
      "version": "2.0.1",
      "license": "MIT"
    },
    "node_modules/core-util-is": {
      "version": "1.0.3",
      "license": "MIT"
    },
    "node_modules/dateformat": {
      "version": "2.2.0",
      "license": "MIT",
      "engines": {
        "node": "*"
      }
    },
    "node_modules/debug": {
      "version": "4.4.3",
      "license": "MIT",
      "dependencies": {
        "ms": "^2.1.3"
      },
      "engines": {
        "node": ">=6.0"
      },
      "peerDependenciesMeta": {
        "supports-color": {
          "optional": true
        }
      }
    },
    "node_modules/default-user-agent": {
      "version": "1.0.0",
      "license": "MIT",
      "dependencies": {
        "os-name": "~1.0.3"
      },
      "engines": {
        "node": ">= 0.10.0"
      }
    },
    "node_modules/destroy": {
      "version": "1.2.0",
      "license": "MIT",
      "engines": {
        "node": ">= 0.8",
        "npm": "1.2.8000 || >= 1.4.16"
      }
    },
    "node_modules/digest-header": {
      "version": "1.1.0",
      "license": "MIT",
      "engines": {
        "node": ">= 8.0.0"
      }
    },
    "node_modules/dunder-proto": {
      "version": "1.0.1",
      "license": "MIT",
      "dependencies": {
        "call-bind-apply-helpers": "^1.0.1",
        "es-errors": "^1.3.0",
        "gopd": "^1.2.0"
      },
      "engines": {
        "node": ">= 0.4"
      }
    },
    "node_modules/ee-first": {
      "version": "1.1.1",
      "license": "MIT"
    },
    "node_modules/end-of-stream": {
      "version": "1.4.5",
      "license": "MIT",
      "dependencies": {
        "once": "^1.4.0"
      }
    },
    "node_modules/end-or-error": {
      "version": "1.0.1",
      "license": "MIT",
      "engines": {
        "node": ">= 0.11.14"
      }
    },
    "node_modules/es-define-property": {
      "version": "1.0.1",
      "license": "MIT",
      "engines": {
        "node": ">= 0.4"
      }
    },
    "node_modules/es-errors": {
      "version": "1.3.0",
      "license": "MIT",
      "engines": {
        "node": ">= 0.4"
      }
    },
    "node_modules/es-object-atoms": {
      "version": "1.1.2",
      "license": "MIT",
      "dependencies": {
        "es-errors": "^1.3.0"
      },
      "engines": {
        "node": ">= 0.4"
      }
    },
    "node_modules/escape-html": {
      "version": "1.0.3",
      "license": "MIT"
    },
    "node_modules/extend-shallow": {
      "version": "2.0.1",
      "license": "MIT",
      "dependencies": {
        "is-extendable": "^0.1.0"
      },
      "engines": {
        "node": ">=0.10.0"
      }
    },
    "node_modules/formstream": {
      "version": "1.5.2",
      "license": "MIT",
      "dependencies": {
        "destroy": "^1.0.4",
        "mime": "^2.5.2",
        "node-hex": "^1.0.1",
        "pause-stream": "~0.0.11"
      }
    },
    "node_modules/function-bind": {
      "version": "1.1.2",
      "license": "MIT",
      "funding": {
        "url": "https://github.com/sponsors/ljharb"
      }
    },
    "node_modules/get-intrinsic": {
      "version": "1.3.0",
      "license": "MIT",
      "dependencies": {
        "call-bind-apply-helpers": "^1.0.2",
        "es-define-property": "^1.0.1",
        "es-errors": "^1.3.0",
        "es-object-atoms": "^1.1.1",
        "function-bind": "^1.1.2",
        "get-proto": "^1.0.1",
        "gopd": "^1.2.0",
        "has-symbols": "^1.1.0",
        "hasown": "^2.0.2",
        "math-intrinsics": "^1.1.0"
      },
      "engines": {
        "node": ">= 0.4"
      },
      "funding": {
        "url": "https://github.com/sponsors/ljharb"
      }
    },
    "node_modules/get-proto": {
      "version": "1.0.1",
      "license": "MIT",
      "dependencies": {
        "dunder-proto": "^1.0.1",
        "es-object-atoms": "^1.0.0"
      },
      "engines": {
        "node": ">= 0.4"
      }
    },
    "node_modules/get-ready": {
      "version": "1.0.0",
      "license": "MIT"
    },
    "node_modules/gopd": {
      "version": "1.2.0",
      "license": "MIT",
      "engines": {
        "node": ">= 0.4"
      },
      "funding": {
        "url": "https://github.com/sponsors/ljharb"
      }
    },
    "node_modules/has-symbols": {
      "version": "1.1.0",
      "license": "MIT",
      "engines": {
        "node": ">= 0.4"
      },
      "funding": {
        "url": "https://github.com/sponsors/ljharb"
      }
    },
    "node_modules/hasown": {
      "version": "2.0.4",
      "license": "MIT",
      "dependencies": {
        "function-bind": "^1.1.2"
      },
      "engines": {
        "node": ">= 0.4"
      }
    },
    "node_modules/humanize-ms": {
      "version": "1.2.1",
      "license": "MIT",
      "dependencies": {
        "ms": "^2.0.0"
      }
    },
    "node_modules/iconv-lite": {
      "version": "0.6.3",
      "license": "MIT",
      "dependencies": {
        "safer-buffer": ">= 2.1.2 < 3.0.0"
      },
      "engines": {
        "node": ">=0.10.0"
      }
    },
    "node_modules/inherits": {
      "version": "2.0.4",
      "license": "ISC"
    },
    "node_modules/is-class-hotfix": {
      "version": "0.0.6",
      "license": "MIT"
    },
    "node_modules/is-extendable": {
      "version": "0.1.1",
      "license": "MIT",
      "engines": {
        "node": ">=0.10.0"
      }
    },
    "node_modules/is-type-of": {
      "version": "1.4.0",
      "license": "MIT",
      "dependencies": {
        "core-util-is": "^1.0.2",
        "is-class-hotfix": "~0.0.6",
        "isstream": "~0.1.2"
      }
    },
    "node_modules/isarray": {
      "version": "1.0.0",
      "license": "MIT"
    },
    "node_modules/isstream": {
      "version": "0.1.2",
      "license": "MIT"
    },
    "node_modules/js-base64": {
      "version": "2.6.4",
      "license": "BSD-3-Clause"
    },
    "node_modules/jsqr": {
      "version": "1.4.0",
      "license": "Apache-2.0"
    },
    "node_modules/jstoxml": {
      "version": "2.2.9",
      "license": "MIT"
    },
    "node_modules/lodash": {
      "version": "4.18.1",
      "license": "MIT"
    },
    "node_modules/math-intrinsics": {
      "version": "1.1.0",
      "license": "MIT",
      "engines": {
        "node": ">= 0.4"
      }
    },
    "node_modules/merge-descriptors": {
      "version": "1.0.3",
      "license": "MIT",
      "funding": {
        "url": "https://github.com/sponsors/sindresorhus"
      }
    },
    "node_modules/mime": {
      "version": "2.6.0",
      "license": "MIT",
      "bin": {
        "mime": "cli.js"
      },
      "engines": {
        "node": ">=4.0.0"
      }
    },
    "node_modules/minimist": {
      "version": "1.2.8",
      "license": "MIT",
      "funding": {
        "url": "https://github.com/sponsors/ljharb"
      }
    },
    "node_modules/mkdirp": {
      "version": "0.5.6",
      "license": "MIT",
      "dependencies": {
        "minimist": "^1.2.6"
      },
      "bin": {
        "mkdirp": "bin/cmd.js"
      }
    },
    "node_modules/ms": {
      "version": "2.1.3",
      "license": "MIT"
    },
    "node_modules/mz": {
      "version": "2.7.0",
      "license": "MIT",
      "dependencies": {
        "any-promise": "^1.0.0",
        "object-assign": "^4.0.1",
        "thenify-all": "^1.0.0"
      }
    },
    "node_modules/node-hex": {
      "version": "1.0.1",
      "license": "MIT",
      "engines": {
        "node": ">=8.0.0"
      }
    },
    "node_modules/object-assign": {
      "version": "4.1.1",
      "license": "MIT",
      "engines": {
        "node": ">=0.10.0"
      }
    },
    "node_modules/object-inspect": {
      "version": "1.13.4",
      "license": "MIT",
      "engines": {
        "node": ">= 0.4"
      },
      "funding": {
        "url": "https://github.com/sponsors/ljharb"
      }
    },
    "node_modules/once": {
      "version": "1.4.0",
      "license": "ISC",
      "dependencies": {
        "wrappy": "1"
      }
    },
    "node_modules/os-name": {
      "version": "1.0.3",
      "license": "MIT",
      "dependencies": {
        "osx-release": "^1.0.0",
        "win-release": "^1.0.0"
      },
      "bin": {
        "os-name": "cli.js"
      },
      "engines": {
        "node": ">=0.10.0"
      }
    },
    "node_modules/osx-release": {
      "version": "1.1.0",
      "license": "MIT",
      "dependencies": {
        "minimist": "^1.1.0"
      },
      "bin": {
        "osx-release": "cli.js"
      },
      "engines": {
        "node": ">=0.10.0"
      }
    },
    "node_modules/pause-stream": {
      "version": "0.0.11",
      "license": [
        "MIT",
        "Apache2"
      ],
      "dependencies": {
        "through": "~2.3"
      }
    },
    "node_modules/platform": {
      "version": "1.3.6",
      "license": "MIT"
    },
    "node_modules/pngjs": {
      "version": "7.0.0",
      "license": "MIT",
      "engines": {
        "node": ">=14.19.0"
      }
    },
    "node_modules/process-nextick-args": {
      "version": "2.0.1",
      "license": "MIT"
    },
    "node_modules/pump": {
      "version": "3.0.4",
      "license": "MIT",
      "dependencies": {
        "end-of-stream": "^1.1.0",
        "once": "^1.3.1"
      }
    },
    "node_modules/qrcode-terminal": {
      "version": "0.12.0",
      "bin": {
        "qrcode-terminal": "bin/qrcode-terminal.js"
      }
    },
    "node_modules/qs": {
      "version": "6.15.3",
      "license": "BSD-3-Clause",
      "dependencies": {
        "es-define-property": "^1.0.1",
        "side-channel": "^1.1.1"
      },
      "engines": {
        "node": ">=0.6"
      },
      "funding": {
        "url": "https://github.com/sponsors/ljharb"
      }
    },
    "node_modules/readable-stream": {
      "version": "2.3.8",
      "license": "MIT",
      "dependencies": {
        "core-util-is": "~1.0.0",
        "inherits": "~2.0.3",
        "isarray": "~1.0.0",
        "process-nextick-args": "~2.0.0",
        "safe-buffer": "~5.1.1",
        "string_decoder": "~1.1.1",
        "util-deprecate": "~1.0.1"
      }
    },
    "node_modules/safe-buffer": {
      "version": "5.1.2",
      "license": "MIT"
    },
    "node_modules/safer-buffer": {
      "version": "2.1.2",
      "license": "MIT"
    },
    "node_modules/sax": {
      "version": "1.6.1",
      "license": "BlueOak-1.0.0",
      "engines": {
        "node": ">=11.0.0"
      }
    },
    "node_modules/sdk-base": {
      "version": "2.0.1",
      "license": "MIT",
      "dependencies": {
        "get-ready": "~1.0.0"
      }
    },
    "node_modules/semver": {
      "version": "5.7.2",
      "license": "ISC",
      "bin": {
        "semver": "bin/semver"
      }
    },
    "node_modules/side-channel": {
      "version": "1.1.1",
      "license": "MIT",
      "dependencies": {
        "es-errors": "^1.3.0",
        "object-inspect": "^1.13.4",
        "side-channel-list": "^1.0.1",
        "side-channel-map": "^1.0.1",
        "side-channel-weakmap": "^1.0.2"
      },
      "engines": {
        "node": ">= 0.4"
      },
      "funding": {
        "url": "https://github.com/sponsors/ljharb"
      }
    },
    "node_modules/side-channel-list": {
      "version": "1.0.1",
      "license": "MIT",
      "dependencies": {
        "es-errors": "^1.3.0",
        "object-inspect": "^1.13.4"
      },
      "engines": {
        "node": ">= 0.4"
      },
      "funding": {
        "url": "https://github.com/sponsors/ljharb"
      }
    },
    "node_modules/side-channel-map": {
      "version": "1.0.1",
      "license": "MIT",
      "dependencies": {
        "call-bound": "^1.0.2",
        "es-errors": "^1.3.0",
        "get-intrinsic": "^1.2.5",
        "object-inspect": "^1.13.3"
      },
      "engines": {
        "node": ">= 0.4"
      },
      "funding": {
        "url": "https://github.com/sponsors/ljharb"
      }
    },
    "node_modules/side-channel-weakmap": {
      "version": "1.0.2",
      "license": "MIT",
      "dependencies": {
        "call-bound": "^1.0.2",
        "es-errors": "^1.3.0",
        "get-intrinsic": "^1.2.5",
        "object-inspect": "^1.13.3",
        "side-channel-map": "^1.0.1"
      },
      "engines": {
        "node": ">= 0.4"
      },
      "funding": {
        "url": "https://github.com/sponsors/ljharb"
      }
    },
    "node_modules/statuses": {
      "version": "1.5.0",
      "license": "MIT",
      "engines": {
        "node": ">= 0.6"
      }
    },
    "node_modules/stream-http": {
      "version": "2.8.2",
      "license": "MIT",
      "dependencies": {
        "builtin-status-codes": "^3.0.0",
        "inherits": "^2.0.1",
        "readable-stream": "^2.3.6",
        "to-arraybuffer": "^1.0.0",
        "xtend": "^4.0.0"
      }
    },
    "node_modules/stream-wormhole": {
      "version": "1.1.0",
      "license": "MIT",
      "engines": {
        "node": ">=4.0.0"
      }
    },
    "node_modules/string_decoder": {
      "version": "1.1.1",
      "license": "MIT",
      "dependencies": {
        "safe-buffer": "~5.1.0"
      }
    },
    "node_modules/sysu-anything": {
      "version": "0.1.2",
      "license": "MIT",
      "dependencies": {
        "ali-oss": "^6.23.0",
        "jsqr": "^1.4.0",
        "pngjs": "^7.0.0",
        "qrcode-terminal": "^0.12.0",
        "tough-cookie": "^5.1.2"
      },
      "bin": {
        "sysu-anything": "bin/sysu-anything.js",
        "sysu-anything-apple": "bin/sysu-anything-apple.js"
      }
    },
    "node_modules/thenify": {
      "version": "3.3.1",
      "license": "MIT",
      "dependencies": {
        "any-promise": "^1.0.0"
      }
    },
    "node_modules/thenify-all": {
      "version": "1.6.0",
      "license": "MIT",
      "dependencies": {
        "thenify": ">= 3.1.0 < 4"
      },
      "engines": {
        "node": ">=0.8"
      }
    },
    "node_modules/through": {
      "version": "2.3.8",
      "license": "MIT"
    },
    "node_modules/tldts": {
      "version": "6.1.86",
      "license": "MIT",
      "dependencies": {
        "tldts-core": "^6.1.86"
      },
      "bin": {
        "tldts": "bin/cli.js"
      }
    },
    "node_modules/tldts-core": {
      "version": "6.1.86",
      "license": "MIT"
    },
    "node_modules/to-arraybuffer": {
      "version": "1.0.1",
      "license": "MIT"
    },
    "node_modules/tough-cookie": {
      "version": "5.1.2",
      "license": "BSD-3-Clause",
      "dependencies": {
        "tldts": "^6.1.32"
      },
      "engines": {
        "node": ">=16"
      }
    },
    "node_modules/unescape": {
      "version": "1.0.1",
      "license": "MIT",
      "dependencies": {
        "extend-shallow": "^2.0.1"
      },
      "engines": {
        "node": ">=0.10.0"
      }
    },
    "node_modules/urllib": {
      "version": "2.44.1",
      "license": "MIT",
      "dependencies": {
        "any-promise": "^1.3.0",
        "content-type": "^1.0.2",
        "default-user-agent": "^1.0.0",
        "digest-header": "^1.0.0",
        "ee-first": "~1.1.1",
        "formstream": "^1.1.0",
        "humanize-ms": "^1.2.0",
        "iconv-lite": "^0.6.3",
        "pump": "^3.0.0",
        "qs": "^6.4.0",
        "statuses": "^1.3.1",
        "utility": "^1.16.1"
      },
      "engines": {
        "node": ">= 0.10.0"
      },
      "peerDependencies": {
        "proxy-agent": "^5.0.0"
      },
      "peerDependenciesMeta": {
        "proxy-agent": {
          "optional": true
        }
      }
    },
    "node_modules/util-deprecate": {
      "version": "1.0.2",
      "license": "MIT"
    },
    "node_modules/utility": {
      "version": "1.18.0",
      "license": "MIT",
      "dependencies": {
        "copy-to": "^2.0.1",
        "escape-html": "^1.0.3",
        "mkdirp": "^0.5.1",
        "mz": "^2.7.0",
        "unescape": "^1.0.1"
      },
      "engines": {
        "node": ">= 0.12.0"
      }
    },
    "node_modules/win-release": {
      "version": "1.1.1",
      "license": "MIT",
      "dependencies": {
        "semver": "^5.0.1"
      },
      "engines": {
        "node": ">=0.10.0"
      }
    },
    "node_modules/wrappy": {
      "version": "1.0.2",
      "license": "ISC"
    },
    "node_modules/xml2js": {
      "version": "0.6.2",
      "license": "MIT",
      "dependencies": {
        "sax": ">=0.6.0",
        "xmlbuilder": "~11.0.0"
      },
      "engines": {
        "node": ">=4.0.0"
      }
    },
    "node_modules/xmlbuilder": {
      "version": "11.0.1",
      "license": "MIT",
      "engines": {
        "node": ">=4.0"
      }
    },
    "node_modules/xtend": {
      "version": "4.0.2",
      "license": "MIT",
      "engines": {
        "node": ">=0.4"
      }
    }
  }
}
